
Microsoft Visual Studio Solution File, Format Version 12.00
# Visual Studio Version 16
VisualStudioVersion = 16.0.28922.388
MinimumVisualStudioVersion = 10.0.40219.1
Project("{FAE04EC0-301F-11D3-BF4B-00C04F79EFBC}") = "JsonToCSVTool", "JsonToCSVTool\JsonToCSVTool.csproj", "{2499E477-6421-48F6-90AB-6D2DDE6257CC}"
EndProject
Global
	GlobalSection(SolutionConfigurationPlatforms) = preSolution
		Debug|Any CPU = Debug|Any CPU
		Release|Any CPU = Release|Any CPU
	EndGlobalSection
	GlobalSection(ProjectConfigurationPlatforms) = postSolution
		{2499E477-6421-48F6-90AB-6D2DDE6257CC}.Debug|Any CPU.ActiveCfg = Debug|Any CPU
		{2499E477-6421-48F6-90AB-6D2DDE6257CC}.Debug|Any CPU.Build.0 = Debug|Any CPU
		{2499E477-6421-48F6-90AB-6D2DDE6257CC}.Release|Any CPU.ActiveCfg = Release|Any CPU
		{2499E477-6421-48F6-90AB-6D2DDE6257CC}.Release|Any CPU.Build.0 = Release|Any CPU
	EndGlobalSection
	GlobalSection(SolutionProperties) = preSolution
		HideSolutionNode = FALSE
	EndGlobalSection
	GlobalSection(ExtensibilityGlobals) = postSolution
		SolutionGuid = {92F48786-CEDA-4F02-B995-4B466A7D4A3C}
	EndGlobalSection
EndGlobal
